
Microsoft Visual Studio Solution File, Format Version 12.00
# Visual Studio 2013
VisualStudioVersion = 12.0.31101.0
MinimumVisualStudioVersion = 10.0.40219.1
Project("{FAE04EC0-301F-11D3-BF4B-00C04F79EFBC}") = "PR01", "PR01\PR01.csproj", "{931054C4-7FEE-467D-9970-6D2658E869D9}"
EndProject
Project("{FAE04EC0-301F-11D3-BF4B-00C04F79EFBC}") = "PR02", "PR02\PR02.csproj", "{1496AB35-8226-48C3-B200-B5562B58B415}"
EndProject
Project("{FAE04EC0-301F-11D3-BF4B-00C04F79EFBC}") = "PR03", "PR03\PR03.csproj", "{CAF5EA3F-F689-4D59-BA6C-68E31191867B}"
EndProject
Project("{FAE04EC0-301F-11D3-BF4B-00C04F79EFBC}") = "PR Base", "PR Base\PR Base.csproj", "{F763621B-214B-4980-A2CD-B8628245B183}"
EndProject
Project("{FAE04EC0-301F-11D3-BF4B-00C04F79EFBC}") = "PR04", "PR04\PR04.csproj", "{993D6DDE-6E38-4451-8AE9-84102C2E536D}"
EndProject
Global
	GlobalSection(SolutionConfigurationPlatforms) = preSolution
		Debug|Any CPU = Debug|Any CPU
		Release|Any CPU = Release|Any CPU
	EndGlobalSection
	GlobalSection(ProjectConfigurationPlatforms) = postSolution
		{931054C4-7FEE-467D-9970-6D2658E869D9}.Debug|Any CPU.ActiveCfg = Debug|Any CPU
		{931054C4-7FEE-467D-9970-6D2658E869D9}.Debug|Any CPU.Build.0 = Debug|Any CPU
		{931054C4-7FEE-467D-9970-6D2658E869D9}.Release|Any CPU.ActiveCfg = Release|Any CPU
		{931054C4-7FEE-467D-9970-6D2658E869D9}.Release|Any CPU.Build.0 = Release|Any CPU
		{1496AB35-8226-48C3-B200-B5562B58B415}.Debug|Any CPU.ActiveCfg = Debug|Any CPU
		{1496AB35-8226-48C3-B200-B5562B58B415}.Debug|Any CPU.Build.0 = Debug|Any CPU
		{1496AB35-8226-48C3-B200-B5562B58B415}.Release|Any CPU.ActiveCfg = Release|Any CPU
		{1496AB35-8226-48C3-B200-B5562B58B415}.Release|Any CPU.Build.0 = Release|Any CPU
		{CAF5EA3F-F689-4D59-BA6C-68E31191867B}.Debug|Any CPU.ActiveCfg = Debug|Any CPU
		{CAF5EA3F-F689-4D59-BA6C-68E31191867B}.Debug|Any CPU.Build.0 = Debug|Any CPU
		{CAF5EA3F-F689-4D59-BA6C-68E31191867B}.Release|Any CPU.ActiveCfg = Release|Any CPU
		{CAF5EA3F-F689-4D59-BA6C-68E31191867B}.Release|Any CPU.Build.0 = Release|Any CPU
		{F763621B-214B-4980-A2CD-B8628245B183}.Debug|Any CPU.ActiveCfg = Debug|Any CPU
		{F763621B-214B-4980-A2CD-B8628245B183}.Debug|Any CPU.Build.0 = Debug|Any CPU
		{F763621B-214B-4980-A2CD-B8628245B183}.Release|Any CPU.ActiveCfg = Release|Any CPU
		{F763621B-214B-4980-A2CD-B8628245B183}.Release|Any CPU.Build.0 = Release|Any CPU
		{993D6DDE-6E38-4451-8AE9-84102C2E536D}.Debug|Any CPU.ActiveCfg = Debug|Any CPU
		{993D6DDE-6E38-4451-8AE9-84102C2E536D}.Debug|Any CPU.Build.0 = Debug|Any CPU
		{993D6DDE-6E38-4451-8AE9-84102C2E536D}.Release|Any CPU.ActiveCfg = Release|Any CPU
		{993D6DDE-6E38-4451-8AE9-84102C2E536D}.Release|Any CPU.Build.0 = Release|Any CPU
	EndGlobalSection
	GlobalSection(SolutionProperties) = preSolution
		HideSolutionNode = FALSE
	EndGlobalSection
EndGlobal
